
Microsoft Visual Studio Solution File, Format Version 12.00
# Visual Studio Version 16
VisualStudioVersion = 16.0.31105.61
MinimumVisualStudioVersion = 10.0.40219.1
Project("{9A19103F-16F7-4668-BE54-9A1E7A4F7556}") = "Safari Park", "Safari Park.csproj", "{A2CE3525-A2DE-4CB3-8833-6B956DB7CBBD}"
EndProject
Project("{FAE04EC0-301F-11D3-BF4B-00C04F79EFBC}") = "TestProject1", "..\TestProject1\TestProject1.csproj", "{F827FDF4-8F28-4885-AD1A-AFB31044DC98}"
EndProject
Global
	GlobalSection(SolutionConfigurationPlatforms) = preSolution
		Debug|Any CPU = Debug|Any CPU
		Release|Any CPU = Release|Any CPU
	EndGlobalSection
	GlobalSection(ProjectConfigurationPlatforms) = postSolution
		{A2CE3525-A2DE-4CB3-8833-6B956DB7CBBD}.Debug|Any CPU.ActiveCfg = Debug|Any CPU
		{A2CE3525-A2DE-4CB3-8833-6B956DB7CBBD}.Debug|Any CPU.Build.0 = Debug|Any CPU
		{A2CE3525-A2DE-4CB3-8833-6B956DB7CBBD}.Release|Any CPU.ActiveCfg = Release|Any CPU
		{A2CE3525-A2DE-4CB3-8833-6B956DB7CBBD}.Release|Any CPU.Build.0 = Release|Any CPU
		{F827FDF4-8F28-4885-AD1A-AFB31044DC98}.Debug|Any CPU.ActiveCfg = Debug|Any CPU
		{F827FDF4-8F28-4885-AD1A-AFB31044DC98}.Debug|Any CPU.Build.0 = Debug|Any CPU
		{F827FDF4-8F28-4885-AD1A-AFB31044DC98}.Release|Any CPU.ActiveCfg = Release|Any CPU
		{F827FDF4-8F28-4885-AD1A-AFB31044DC98}.Release|Any CPU.Build.0 = Release|Any CPU
	EndGlobalSection
	GlobalSection(SolutionProperties) = preSolution
		HideSolutionNode = FALSE
	EndGlobalSection
	GlobalSection(ExtensibilityGlobals) = postSolution
		SolutionGuid = {218A00BD-AE72-483A-9A29-EE522E3AD452}
	EndGlobalSection
EndGlobal
